github.com/go-chi/chi/v5 v5.2.0 h1:Aj1EtB0qR2Rdo2dG4O94RIU35w2lvQSj6BRA4+qwFL0=
github.com/go-chi/chi/v5 v5.2.0/go.mod h1:DslCQbL2OYiznFReuXYUmQ2hGd1aDpCnlMNITLSKoi8=
github.com/google/uuid v1.1.1 h1:Gkbcsh/GbpXz7lPftLA3P6TYMwjCLYm83jiFQZF/3gY=
github.com/google/uuid v1.1.1/go.mod h1:TIyPZe4MgqvfeYDBFedMoGGpEw/LqOeaOT+nhxU+yHo=
github.com/longkai/rfc7807 v1.0.0 h1:FCxECwQQ3cFDS3tJ1EF25jx73HBhHIGB78Akn/yIHhs=
github.com/longkai/rfc7807 v1.0.0/go.mod h1:yG4IW/s0NdZ5CZZodTVb469qQrGch0WeZOtvpnhCi2c=
github.com/opentsg/opentsg-ctl-watchfolder v0.0.0-20250127151427-7bd74b64e072 h1:7RuHc12iSC2hUvNLvjJk0byC7IUSh90Olz0uOMqDhfU=
github.com/opentsg/opentsg-ctl-watchfolder v0.0.0-20250127151427-7bd74b64e072/go.mod h1:OSKsnQZWzc7F1R1VC2tYbteFbQ42KHiSUoLBRUxifeA=
github.com/phsym/console-slog v0.3.1 h1:Fuzcrjr40xTc004S9Kni8XfNsk+qrptQmyR+wZw9/7A=
github.com/phsym/console-slog v0.3.1/go.mod h1:oJskjp/X6e6c0mGpfP8ELkfKUsrkDifYRAqJQgmdDS0=
golang.org/x/xerrors v0.0.0-20190717185122-a985d3407aa7 h1:9zdDQZ7Thm29KFXgAX/+yaf3eVbP7djjWp/dXAppNCc=
golang.org/x/xerrors v0.0.0-20190717185122-a985d3407aa7/go.mod h1:I/5z698sn9Ka8TeJc9MKroUUfqBBauWjQqLJ2OPfmY0=
